// !$*UTF8*$!
{
	archiveVersion = 1;
	classes = {
	};
	objectVersion = 77;
	objects = {

/* Begin PBXContainerItemProxy section */
		264594102CCA08D400FF7FAC /* PBXContainerItemProxy */ = {
			isa = PBXContainerItemProxy;
			containerPortal = 264593F12CCA08D300FF7FAC /* Project object */;
			proxyType = 1;
			remoteGlobalIDString = 264593F82CCA08D300FF7FAC;
			remoteInfo = Memory;
		};
		2645941A2CCA08D400FF7FAC /* PBXContainerItemProxy */ = {
			isa = PBXContainerItemProxy;
			containerPortal = 264593F12CCA08D300FF7FAC /* Project object */;
			proxyType = 1;
			remoteGlobalIDString = 264593F82CCA08D300FF7FAC;
			remoteInfo = Memory;
		};
/* End PBXContainerItemProxy section */

/* Begin PBXFileReference section */
		264593F92CCA08D300FF7FAC /* Memory.app */ = {isa = PBXFileReference; explicitFileType = wrapper.application; includeInIndex = 0; path = Memory.app; sourceTree = BUILT_PRODUCTS_DIR; };
		2645940F2CCA08D400FF7FAC /* MemoryTests.xctest */ = {isa = PBXFileReference; explicitFileType = wrapper.cfbundle; includeInIndex = 0; path = MemoryTests.xctest; sourceTree = BUILT_PRODUCTS_DIR; };
		264594192CCA08D400FF7FAC /* MemoryUITests.xctest */ = {isa = PBXFileReference; explicitFileType = wrapper.cfbundle; includeInIndex = 0; path = MemoryUITests.xctest; sourceTree = BUILT_PRODUCTS_DIR; };
/* End PBXFileReference section */

/* Begin PBXFileSystemSynchronizedBuildFileExceptionSet section */
		264594212CCA08D400FF7FAC /* Exceptions for "Memory" folder in "Memory" target */ = {
			isa = PBXFileSystemSynchronizedBuildFileExceptionSet;
			membershipExceptions = (
				Info.plist,
			);
			target = 264593F82CCA08D300FF7FAC /* Memory */;
		};
/* End PBXFileSystemSynchronizedBuildFileExceptionSet section */

/* Begin PBXFileSystemSynchronizedRootGroup section */
		264593FB2CCA08D300FF7FAC /* Memory */ = {
			isa = PBXFileSystemSynchronizedRootGroup;
			exceptions = (
				264594212CCA08D400FF7FAC /* Exceptions for "Memory" folder in "Memory" target */,
			);
			path = Memory;
			sourceTree = "<group>";
		};
		264594122CCA08D400FF7FAC /* MemoryTests */ = {
			isa = PBXFileSystemSynchronizedRootGroup;
			path = MemoryTests;
			sourceTree = "<group>";
		};
		2645941C2CCA08D400FF7FAC /* MemoryUITests */ = {
			isa = PBXFileSystemSynchronizedRootGroup;
			path = MemoryUITests;
			sourceTree = "<group>";
		};
/* End PBXFileSystemSynchronizedRootGroup section */

/* Begin PBXFrameworksBuildPhase section */
		264593F62CCA08D300FF7FAC /* Frameworks */ = {
			isa = PBXFrameworksBuildPhase;
			buildActionMask = 2147483647;
			files = (
			);
			runOnlyForDeploymentPostprocessing = 0;
		};
		2645940C2CCA08D400FF7FAC /* Frameworks */ = {
			isa = PBXFrameworksBuildPhase;
			buildActionMask = 2147483647;
			files = (
			);
			runOnlyForDeploymentPostprocessing = 0;
		};
		264594162CCA08D400FF7FAC /* Frameworks */ = {
			isa = PBXFrameworksBuildPhase;
			buildActionMask = 2147483647;
			files = (
			);
			runOnlyForDeploymentPostprocessing = 0;
		};
/* End PBXFrameworksBuildPhase section */

/* Begin PBXGroup section */
		264593F02CCA08D300FF7FAC = {
			isa = PBXGroup;
			children = (
				264593FB2CCA08D300FF7FAC /* Memory */,
				264594122CCA08D400FF7FAC /* MemoryTests */,
				2645941C2CCA08D400FF7FAC /* MemoryUITests */,
				264593FA2CCA08D300FF7FAC /* Products */,
			);
			sourceTree = "<group>";
		};
		264593FA2CCA08D300FF7FAC /* Products */ = {
			isa = PBXGroup;
			children = (
				264593F92CCA08D300FF7FAC /* Memory.app */,
				2645940F2CCA08D400FF7FAC /* MemoryTests.xctest */,
				264594192CCA08D400FF7FAC /* MemoryUITests.xctest */,
			);
			name = Products;
			sourceTree = "<group>";
		};
/* End PBXGroup section */

/* Begin PBXNativeTarget section */
		264593F82CCA08D300FF7FAC /* Memory */ = {
			isa = PBXNativeTarget;
			buildConfigurationList = 264594222CCA08D400FF7FAC /* Build configuration list for PBXNativeTarget "Memory" */;
			buildPhases = (
				264593F52CCA08D300FF7FAC /* Sources */,
				264593F62CCA08D300FF7FAC /* Frameworks */,
				264593F72CCA08D300FF7FAC /* Resources */,
			);
			buildRules = (
			);
			dependencies = (
			);
			fileSystemSynchronizedGroups = (
				264593FB2CCA08D300FF7FAC /* Memory */,
			);
			name = Memory;
			packageProductDependencies = (
			);
			productName = Memory;
			productReference = 264593F92CCA08D300FF7FAC /* Memory.app */;
			productType = "com.apple.product-type.application";
		};
		2645940E2CCA08D400FF7FAC /* MemoryTests */ = {
			isa = PBXNativeTarget;
			buildConfigurationList = 264594272CCA08D400FF7FAC /* Build configuration list for PBXNativeTarget "MemoryTests" */;
			buildPhases = (
				2645940B2CCA08D400FF7FAC /* Sources */,
				2645940C2CCA08D400FF7FAC /* Frameworks */,
				2645940D2CCA08D400FF7FAC /* Resources */,
			);
			buildRules = (
			);
			dependencies = (
				264594112CCA08D400FF7FAC /* PBXTargetDependency */,
			);
			fileSystemSynchronizedGroups = (
				264594122CCA08D400FF7FAC /* MemoryTests */,
			);
			name = MemoryTests;
			packageProductDependencies = (
			);
			productName = MemoryTests;
			productReference = 2645940F2CCA08D400FF7FAC /* MemoryTests.xctest */;
			productType = "com.apple.product-type.bundle.unit-test";
		};
		264594182CCA08D400FF7FAC /* MemoryUITests */ = {
			isa = PBXNativeTarget;
			buildConfigurationList = 2645942A2CCA08D400FF7FAC /* Build configuration list for PBXNativeTarget "MemoryUITests" */;
			buildPhases = (
				264594152CCA08D400FF7FAC /* Sources */,
				264594162CCA08D400FF7FAC /* Frameworks */,
				264594172CCA08D400FF7FAC /* Resources */,
			);
			buildRules = (
			);
			dependencies = (
				2645941B2CCA08D400FF7FAC /* PBXTargetDependency */,
			);
			fileSystemSynchronizedGroups = (
				2645941C2CCA08D400FF7FAC /* MemoryUITests */,
			);
			name = MemoryUITests;
			packageProductDependencies = (
			);
			productName = MemoryUITests;
			productReference = 264594192CCA08D400FF7FAC /* MemoryUITests.xctest */;
			productType = "com.apple.product-type.bundle.ui-testing";
		};
/* End PBXNativeTarget section */

/* Begin PBXProject section */
		264593F12CCA08D300FF7FAC /* Project object */ = {
			isa = PBXProject;
			attributes = {
				BuildIndependentTargetsInParallel = 1;
				LastSwiftUpdateCheck = 1600;
				LastUpgradeCheck = 1600;
				TargetAttributes = {
					264593F82CCA08D300FF7FAC = {
						CreatedOnToolsVersion = 16.0;
					};
					2645940E2CCA08D400FF7FAC = {
						CreatedOnToolsVersion = 16.0;
						TestTargetID = 264593F82CCA08D300FF7FAC;
					};
					264594182CCA08D400FF7FAC = {
						CreatedOnToolsVersion = 16.0;
						TestTargetID = 264593F82CCA08D300FF7FAC;
					};
				};
			};
			buildConfigurationList = 264593F42CCA08D300FF7FAC /* Build configuration list for PBXProject "Memory" */;
			developmentRegion = en;
			hasScannedForEncodings = 0;
			knownRegions = (
				en,
				Base,
			);
			mainGroup = 264593F02CCA08D300FF7FAC;
			minimizedProjectReferenceProxies = 1;
			preferredProjectObjectVersion = 77;
			productRefGroup = 264593FA2CCA08D300FF7FAC /* Products */;
			projectDirPath = "";
			projectRoot = "";
			targets = (
				264593F82CCA08D300FF7FAC /* Memory */,
				2645940E2CCA08D400FF7FAC /* MemoryTests */,
				264594182CCA08D400FF7FAC /* MemoryUITests */,
			);
		};
/* End PBXProject section */

/* Begin PBXResourcesBuildPhase section */
		264593F72CCA08D300FF7FAC /* Resources */ = {
			isa = PBXResourcesBuildPhase;
			buildActionMask = 2147483647;
			files = (
			);
			runOnlyForDeploymentPostprocessing = 0;
		};
		2645940D2CCA08D400FF7FAC /* Resources */ = {
			isa = PBXResourcesBuildPhase;
			buildActionMask = 2147483647;
			files = (
			);
			runOnlyForDeploymentPostprocessing = 0;
		};
		264594172CCA08D400FF7FAC /* Resources */ = {
			isa = PBXResourcesBuildPhase;
			buildActionMask = 2147483647;
			files = (
			);
			runOnlyForDeploymentPostprocessing = 0;
		};
/* End PBXResourcesBuildPhase section */

/* Begin PBXSourcesBuildPhase section */
		264593F52CCA08D300FF7FAC /* Sources */ = {
			isa = PBXSourcesBuildPhase;
			buildActionMask = 2147483647;
			files = (
			);
			runOnlyForDeploymentPostprocessing = 0;
		};
		2645940B2CCA08D400FF7FAC /* Sources */ = {
			isa = PBXSourcesBuildPhase;
			buildActionMask = 2147483647;
			files = (
			);
			runOnlyForDeploymentPostprocessing = 0;
		};
		264594152CCA08D400FF7FAC /* Sources */ = {
			isa = PBXSourcesBuildPhase;
			buildActionMask = 2147483647;
			files = (
			);
			runOnlyForDeploymentPostprocessing = 0;
		};
/* End PBXSourcesBuildPhase section */

/* Begin PBXTargetDependency section */
		264594112CCA08D400FF7FAC /* PBXTargetDependency */ = {
			isa = PBXTargetDependency;
			target = 264593F82CCA08D300FF7FAC /* Memory */;
			targetProxy = 264594102CCA08D400FF7FAC /* PBXContainerItemProxy */;
		};
		2645941B2CCA08D400FF7FAC /* PBXTargetDependency */ = {
			isa = PBXTargetDependency;
			target = 264593F82CCA08D300FF7FAC /* Memory */;
			targetProxy = 2645941A2CCA08D400FF7FAC /* PBXContainerItemProxy */;
		};
/* End PBXTargetDependency section */

/* Begin XCBuildConfiguration section */
		264594232CCA08D400FF7FAC /* Debug */ = {
			isa = XCBuildConfiguration;
			buildSettings = {
				ASSETCATALOG_COMPILER_APPICON_NAME = AppIcon;
				ASSETCATALOG_COMPILER_GLOBAL_ACCENT_COLOR_NAME = AccentColor;
				CODE_SIGN_STYLE = Automatic;
				CURRENT_PROJECT_VERSION = 1;
				GENERATE_INFOPLIST_FILE = YES;
				INFOPLIST_FILE = Memory/Info.plist;
				INFOPLIST_KEY_UIApplicationSupportsIndirectInputEvents = YES;
				INFOPLIST_KEY_UILaunchStoryboardName = LaunchScreen;
				INFOPLIST_KEY_UIMainStoryboardFile = Main;
				INFOPLIST_KEY_UISupportedInterfaceOrientations_iPad = "UIInterfaceOrientationPortrait UIInterfaceOrientationPortraitUpsideDown UIInterfaceOrientationLandscapeLeft UIInterfaceOrientationLandscapeRight";
				INFOPLIST_KEY_UISupportedInterfaceOrientations_iPhone = "UIInterfaceOrientationPortrait UIInterfaceOrientationLandscapeLeft UIInterfaceOrientationLandscapeRight";
				LD_RUNPATH_SEARCH_PATHS = (
					"$(inherited)",
					"@executable_path/Frameworks",
				);
				MARKETING_VERSION = 1.0;
				PRODUCT_BUNDLE_IDENTIFIER = sven.Memory;
				PRODUCT_NAME = "$(TARGET_NAME)";
				SWIFT_EMIT_LOC_STRINGS = YES;
				SWIFT_VERSION = 5.0;
				TARGETED_DEVICE_FAMILY = "1,2";
			};
			name = Debug;
		};
		264594242CCA08D400FF7FAC /* Release */ = {
			isa = XCBuildConfiguration;
			buildSettings = {
				ASSETCATALOG_COMPILER_APPICON_NAME = AppIcon;
				ASSETCATALOG_COMPILER_GLOBAL_ACCENT_COLOR_NAME = AccentColor;
				CODE_SIGN_STYLE = Automatic;
				CURRENT_PROJECT_VERSION = 1;
				GENERATE_INFOPLIST_FILE = YES;
				INFOPLIST_FILE = Memory/Info.plist;
				INFOPLIST_KEY_UIApplicationSupportsIndirectInputEvents = YES;
				INFOPLIST_KEY_UILaunchStoryboardName = LaunchScreen;
				INFOPLIST_KEY_UIMainStoryboardFile = Main;
				INFOPLIST_KEY_UISupportedInterfaceOrientations_iPad = "UIInterfaceOrientationPortrait UIInterfaceOrientationPortraitUpsideDown UIInterfaceOrientationLandscapeLeft UIInterfaceOrientationLandscapeRight";
				INFOPLIST_KEY_UISupportedInterfaceOrientations_iPhone = "UIInterfaceOrientationPortrait UIInterfaceOrientationLandscapeLeft UIInterfaceOrientationLandscapeRight";
				LD_RUNPATH_SEARCH_PATHS = (
					"$(inherited)",
					"@executable_path/Frameworks",
				);
				MARKETING_VERSION = 1.0;
				PRODUCT_BUNDLE_IDENTIFIER = sven.Memory;
				PRODUCT_NAME = "$(TARGET_NAME)";
				SWIFT_EMIT_LOC_STRINGS = YES;
				SWIFT_VERSION = 5.0;
				TARGETED_DEVICE_FAMILY = "1,2";
			};
			name = Release;
		};
		264594252CCA08D400FF7FAC /* Debug */ = {
			isa = XCBuildConfiguration;
			buildSettings = {
				ALWAYS_SEARCH_USER_PATHS = NO;
				ASSETCATALOG_COMPILER_GENERATE_SWIFT_ASSET_SYMBOL_EXTENSIONS = YES;
				CLANG_ANALYZER_NONNULL = YES;
				CLANG_ANALYZER_NUMBER_OBJECT_CONVERSION = YES_AGGRESSIVE;
				CLANG_CXX_LANGUAGE_STANDARD = "gnu++20";
				CLANG_ENABLE_MODULES = YES;
				CLANG_ENABLE_OBJC_ARC = YES;
				CLANG_ENABLE_OBJC_WEAK = YES;
				CLANG_WARN_BLOCK_CAPTURE_AUTORELEASING = YES;
				CLANG_WARN_BOOL_CONVERSION = YES;
				CLANG_WARN_COMMA = YES;
				CLANG_WARN_CONSTANT_CONVERSION = YES;
				CLANG_WARN_DEPRECATED_OBJC_IMPLEMENTATIONS = YES;
				CLANG_WARN_DIRECT_OBJC_ISA_USAGE = YES_ERROR;
				CLANG_WARN_DOCUMENTATION_COMMENTS = YES;
				CLANG_WARN_EMPTY_BODY = YES;
				CLANG_WARN_ENUM_CONVERSION = YES;
				CLANG_WARN_INFINITE_RECURSION = YES;
				CLANG_WARN_INT_CONVERSION = YES;
				CLANG_WARN_NON_LITERAL_NULL_CONVERSION = YES;
				CLANG_WARN_OBJC_IMPLICIT_RETAIN_SELF = YES;
				CLANG_WARN_OBJC_LITERAL_CONVERSION = YES;
				CLANG_WARN_OBJC_ROOT_CLASS = YES_ERROR;
				CLANG_WARN_QUOTED_INCLUDE_IN_FRAMEWORK_HEADER = YES;
				CLANG_WARN_RANGE_LOOP_ANALYSIS = YES;
				CLANG_WARN_STRICT_PROTOTYPES = YES;
				CLANG_WARN_SUSPICIOUS_MOVE = YES;
				CLANG_WARN_UNGUARDED_AVAILABILITY = YES_AGGRESSIVE;
				CLANG_WARN_UNREACHABLE_CODE = YES;
				CLANG_WARN__DUPLICATE_METHOD_MATCH = YES;
				COPY_PHASE_STRIP = NO;
				DEBUG_INFORMATION_FORMAT = dwarf;
				ENABLE_STRICT_OBJC_MSGSEND = YES;
				ENABLE_TESTABILITY = YES;
				ENABLE_USER_SCRIPT_SANDBOXING = YES;
				GCC_C_LANGUAGE_STANDARD = gnu17;
				GCC_DYNAMIC_NO_PIC = NO;
				GCC_NO_COMMON_BLOCKS = YES;
				GCC_OPTIMIZATION_LEVEL = 0;
				GCC_PREPROCESSOR_DEFINITIONS = (
					"DEBUG=1",
					"$(inherited)",
				);
				GCC_WARN_64_TO_32_BIT_CONVERSION = YES;
				GCC_WARN_ABOUT_RETURN_TYPE = YES_ERROR;
				GCC_WARN_UNDECLARED_SELECTOR = YES;
				GCC_WARN_UNINITIALIZED_AUTOS = YES_AGGRESSIVE;
				GCC_WARN_UNUSED_FUNCTION = YES;
				GCC_WARN_UNUSED_VARIABLE = YES;
				IPHONEOS_DEPLOYMENT_TARGET = 18.0;
				"IPHONEOS_DEPLOYMENT_TARGET[sdk=iphonesimulator*]" = 18.0;
				LOCALIZATION_PREFERS_STRING_CATALOGS = YES;
				MTL_ENABLE_DEBUG_INFO = INCLUDE_SOURCE;
				MTL_FAST_MATH = YES;
				ONLY_ACTIVE_ARCH = YES;
				SDKROOT = iphoneos;
				SWIFT_ACTIVE_COMPILATION_CONDITIONS = "DEBUG $(inherited)";
				SWIFT_OPTIMIZATION_LEVEL = "-Onone";
			};
			name = Debug;
		};
		264594262CCA08D400FF7FAC /* Release */ = {
			isa = XCBuildConfiguration;
			buildSettings = {
				ALWAYS_SEARCH_USER_PATHS = NO;
				ASSETCATALOG_COMPILER_GENERATE_SWIFT_ASSET_SYMBOL_EXTENSIONS = YES;
				CLANG_ANALYZER_NONNULL = YES;
				CLANG_ANALYZER_NUMBER_OBJECT_CONVERSION = YES_AGGRESSIVE;
				CLANG_CXX_LANGUAGE_STANDARD = "gnu++20";
				CLANG_ENABLE_MODULES = YES;
				CLANG_ENABLE_OBJC_ARC = YES;
				CLANG_ENABLE_OBJC_WEAK = YES;
				CLANG_WARN_BLOCK_CAPTURE_AUTORELEASING = YES;
				CLANG_WARN_BOOL_CONVERSION = YES;
				CLANG_WARN_COMMA = YES;
				CLANG_WARN_CONSTANT_CONVERSION = YES;
				CLANG_WARN_DEPRECATED_OBJC_IMPLEMENTATIONS = YES;
				CLANG_WARN_DIRECT_OBJC_ISA_USAGE = YES_ERROR;
				CLANG_WARN_DOCUMENTATION_COMMENTS = YES;
				CLANG_WARN_EMPTY_BODY = YES;
				CLANG_WARN_ENUM_CONVERSION = YES;
				CLANG_WARN_INFINITE_RECURSION = YES;
				CLANG_WARN_INT_CONVERSION = YES;
				CLANG_WARN_NON_LITERAL_NULL_CONVERSION = YES;
				CLANG_WARN_OBJC_IMPLICIT_RETAIN_SELF = YES;
				CLANG_WARN_OBJC_LITERAL_CONVERSION = YES;
				CLANG_WARN_OBJC_ROOT_CLASS = YES_ERROR;
				CLANG_WARN_QUOTED_INCLUDE_IN_FRAMEWORK_HEADER = YES;
				CLANG_WARN_RANGE_LOOP_ANALYSIS = YES;
				CLANG_WARN_STRICT_PROTOTYPES = YES;
				CLANG_WARN_SUSPICIOUS_MOVE = YES;
				CLANG_WARN_UNGUARDED_AVAILABILITY = YES_AGGRESSIVE;
				CLANG_WARN_UNREACHABLE_CODE = YES;
				CLANG_WARN__DUPLICATE_METHOD_MATCH = YES;
				COPY_PHASE_STRIP = NO;
				DEBUG_INFORMATION_FORMAT = "dwarf-with-dsym";
				ENABLE_NS_ASSERTIONS = NO;
				ENABLE_STRICT_OBJC_MSGSEND = YES;
				ENABLE_USER_SCRIPT_SANDBOXING = YES;
				GCC_C_LANGUAGE_STANDARD = gnu17;
				GCC_NO_COMMON_BLOCKS = YES;
				GCC_WARN_64_TO_32_BIT_CONVERSION = YES;
				GCC_WARN_ABOUT_RETURN_TYPE = YES_ERROR;
				GCC_WARN_UNDECLARED_SELECTOR = YES;
				GCC_WARN_UNINITIALIZED_AUTOS = YES_AGGRESSIVE;
				GCC_WARN_UNUSED_FUNCTION = YES;
				GCC_WARN_UNUSED_VARIABLE = YES;
				IPHONEOS_DEPLOYMENT_TARGET = 18.0;
				"IPHONEOS_DEPLOYMENT_TARGET[sdk=iphonesimulator*]" = 18.0;
				LOCALIZATION_PREFERS_STRING_CATALOGS = YES;
				MTL_ENABLE_DEBUG_INFO = NO;
				MTL_FAST_MATH = YES;
				SDKROOT = iphoneos;
				SWIFT_COMPILATION_MODE = wholemodule;
				VALIDATE_PRODUCT = YES;
			};
			name = Release;
		};
		264594282CCA08D400FF7FAC /* Debug */ = {
			isa = XCBuildConfiguration;
			buildSettings = {
				BUNDLE_LOADER = "$(TEST_HOST)";
				CODE_SIGN_STYLE = Automatic;
				CURRENT_PROJECT_VERSION = 1;
				GENERATE_INFOPLIST_FILE = YES;
				IPHONEOS_DEPLOYMENT_TARGET = 18.0;
				MARKETING_VERSION = 1.0;
				PRODUCT_BUNDLE_IDENTIFIER = sven.MemoryTests;
				PRODUCT_NAME = "$(TARGET_NAME)";
				SWIFT_EMIT_LOC_STRINGS = NO;
				SWIFT_VERSION = 5.0;
				TARGETED_DEVICE_FAMILY = "1,2";
				TEST_HOST = "$(BUILT_PRODUCTS_DIR)/Memory.app/$(BUNDLE_EXECUTABLE_FOLDER_PATH)/Memory";
			};
			name = Debug;
		};
		264594292CCA08D400FF7FAC /* Release */ = {
			isa = XCBuildConfiguration;
			buildSettings = {
				BUNDLE_LOADER = "$(TEST_HOST)";
				CODE_SIGN_STYLE = Automatic;
				CURRENT_PROJECT_VERSION = 1;
				GENERATE_INFOPLIST_FILE = YES;
				IPHONEOS_DEPLOYMENT_TARGET = 18.0;
				MARKETING_VERSION = 1.0;
				PRODUCT_BUNDLE_IDENTIFIER = sven.MemoryTests;
				PRODUCT_NAME = "$(TARGET_NAME)";
				SWIFT_EMIT_LOC_STRINGS = NO;
				SWIFT_VERSION = 5.0;
				TARGETED_DEVICE_FAMILY = "1,2";
				TEST_HOST = "$(BUILT_PRODUCTS_DIR)/Memory.app/$(BUNDLE_EXECUTABLE_FOLDER_PATH)/Memory";
			};
			name = Release;
		};
		2645942B2CCA08D400FF7FAC /* Debug */ = {
			isa = XCBuildConfiguration;
			buildSettings = {
				CODE_SIGN_STYLE = Automatic;
				CURRENT_PROJECT_VERSION = 1;
				GENERATE_INFOPLIST_FILE = YES;
				MARKETING_VERSION = 1.0;
				PRODUCT_BUNDLE_IDENTIFIER = sven.MemoryUITests;
				PRODUCT_NAME = "$(TARGET_NAME)";
				SWIFT_EMIT_LOC_STRINGS = NO;
				SWIFT_VERSION = 5.0;
				TARGETED_DEVICE_FAMILY = "1,2";
				TEST_TARGET_NAME = Memory;
			};
			name = Debug;
		};
		2645942C2CCA08D400FF7FAC /* Release */ = {
			isa = XCBuildConfiguration;
			buildSettings = {
				CODE_SIGN_STYLE = Automatic;
				CURRENT_PROJECT_VERSION = 1;
				GENERATE_INFOPLIST_FILE = YES;
				MARKETING_VERSION = 1.0;
				PRODUCT_BUNDLE_IDENTIFIER = sven.MemoryUITests;
				PRODUCT_NAME = "$(TARGET_NAME)";
				SWIFT_EMIT_LOC_STRINGS = NO;
				SWIFT_VERSION = 5.0;
				TARGETED_DEVICE_FAMILY = "1,2";
				TEST_TARGET_NAME = Memory;
			};
			name = Release;
		};
/* End XCBuildConfiguration section */

/* Begin XCConfigurationList section */
		264593F42CCA08D300FF7FAC /* Build configuration list for PBXProject "Memory" */ = {
			isa = XCConfigurationList;
			buildConfigurations = (
				264594252CCA08D400FF7FAC /* Debug */,
				264594262CCA08D400FF7FAC /* Release */,
			);
			defaultConfigurationIsVisible = 0;
			defaultConfigurationName = Release;
		};
		264594222CCA08D400FF7FAC /* Build configuration list for PBXNativeTarget "Memory" */ = {
			isa = XCConfigurationList;
			buildConfigurations = (
				264594232CCA08D400FF7FAC /* Debug */,
				264594242CCA08D400FF7FAC /* Release */,
			);
			defaultConfigurationIsVisible = 0;
			defaultConfigurationName = Release;
		};
		264594272CCA08D400FF7FAC /* Build configuration list for PBXNativeTarget "MemoryTests" */ = {
			isa = XCConfigurationList;
			buildConfigurations = (
				264594282CCA08D400FF7FAC /* Debug */,
				264594292CCA08D400FF7FAC /* Release */,
			);
			defaultConfigurationIsVisible = 0;
			defaultConfigurationName = Release;
		};
		2645942A2CCA08D400FF7FAC /* Build configuration list for PBXNativeTarget "MemoryUITests" */ = {
			isa = XCConfigurationList;
			buildConfigurations = (
				2645942B2CCA08D400FF7FAC /* Debug */,
				2645942C2CCA08D400FF7FAC /* Release */,
			);
			defaultConfigurationIsVisible = 0;
			defaultConfigurationName = Release;
		};
/* End XCConfigurationList section */
	};
	rootObject = 264593F12CCA08D300FF7FAC /* Project object */;
}
